
Microsoft Visual Studio Solution File, Format Version 12.00
# Visual Studio Version 17
VisualStudioVersion = 17.7.34031.279
MinimumVisualStudioVersion = 10.0.40219.1
Project("{9A19103F-16F7-4668-BE54-9A1E7A4F7556}") = "BookApi", "Book.Api\BookApi.csproj", "{0662F6E0-DF9A-4F9D-ACF0-FE099A327B07}"
EndProject
Project("{FAE04EC0-301F-11D3-BF4B-00C04F79EFBC}") = "RabbitMQ", "RabbitMQ\RabbitMQ.csproj", "{E84EE28D-96E0-45C5-A043-D0706EA022F5}"
EndProject
Project("{9A19103F-16F7-4668-BE54-9A1E7A4F7556}") = "RabbitMQ.Consumer", "RabbitMQ.Consumer\RabbitMQ.Consumer.csproj", "{53048D01-5E44-406F-AA0B-8E58B6D9603D}"
EndProject
Global
	GlobalSection(SolutionConfigurationPlatforms) = preSolution
		Debug|Any CPU = Debug|Any CPU
		Release|Any CPU = Release|Any CPU
	EndGlobalSection
	GlobalSection(ProjectConfigurationPlatforms) = postSolution
		{0662F6E0-DF9A-4F9D-ACF0-FE099A327B07}.Debug|Any CPU.ActiveCfg = Debug|Any CPU
		{0662F6E0-DF9A-4F9D-ACF0-FE099A327B07}.Debug|Any CPU.Build.0 = Debug|Any CPU
		{0662F6E0-DF9A-4F9D-ACF0-FE099A327B07}.Release|Any CPU.ActiveCfg = Release|Any CPU
		{0662F6E0-DF9A-4F9D-ACF0-FE099A327B07}.Release|Any CPU.Build.0 = Release|Any CPU
		{E84EE28D-96E0-45C5-A043-D0706EA022F5}.Debug|Any CPU.ActiveCfg = Debug|Any CPU
		{E84EE28D-96E0-45C5-A043-D0706EA022F5}.Debug|Any CPU.Build.0 = Debug|Any CPU
		{E84EE28D-96E0-45C5-A043-D0706EA022F5}.Release|Any CPU.ActiveCfg = Release|Any CPU
		{E84EE28D-96E0-45C5-A043-D0706EA022F5}.Release|Any CPU.Build.0 = Release|Any CPU
		{53048D01-5E44-406F-AA0B-8E58B6D9603D}.Debug|Any CPU.ActiveCfg = Debug|Any CPU
		{53048D01-5E44-406F-AA0B-8E58B6D9603D}.Debug|Any CPU.Build.0 = Debug|Any CPU
		{53048D01-5E44-406F-AA0B-8E58B6D9603D}.Release|Any CPU.ActiveCfg = Release|Any CPU
		{53048D01-5E44-406F-AA0B-8E58B6D9603D}.Release|Any CPU.Build.0 = Release|Any CPU
	EndGlobalSection
	GlobalSection(SolutionProperties) = preSolution
		HideSolutionNode = FALSE
	EndGlobalSection
	GlobalSection(ExtensibilityGlobals) = postSolution
		SolutionGuid = {036A525D-532F-40A7-94EF-86D6F7886F96}
	EndGlobalSection
EndGlobal
